
Microsoft Visual Studio Solution File, Format Version 12.00
# Visual Studio Version 17
VisualStudioVersion = 17.11.35208.52
MinimumVisualStudioVersion = 10.0.40219.1
Project("{FAE04EC0-301F-11D3-BF4B-00C04F79EFBC}") = "GuerronElizabethEXP2", "GuerronElizabethEXP2\GuerronElizabethEXP2.csproj", "{72F86971-0C0F-45F5-B870-89609DA25AD5}"
EndProject
Global
	GlobalSection(SolutionConfigurationPlatforms) = preSolution
		Debug|Any CPU = Debug|Any CPU
		Release|Any CPU = Release|Any CPU
	EndGlobalSection
	GlobalSection(ProjectConfigurationPlatforms) = postSolution
		{72F86971-0C0F-45F5-B870-89609DA25AD5}.Debug|Any CPU.ActiveCfg = Debug|Any CPU
		{72F86971-0C0F-45F5-B870-89609DA25AD5}.Debug|Any CPU.Build.0 = Debug|Any CPU
		{72F86971-0C0F-45F5-B870-89609DA25AD5}.Debug|Any CPU.Deploy.0 = Debug|Any CPU
		{72F86971-0C0F-45F5-B870-89609DA25AD5}.Release|Any CPU.ActiveCfg = Release|Any CPU
		{72F86971-0C0F-45F5-B870-89609DA25AD5}.Release|Any CPU.Build.0 = Release|Any CPU
		{72F86971-0C0F-45F5-B870-89609DA25AD5}.Release|Any CPU.Deploy.0 = Release|Any CPU
	EndGlobalSection
	GlobalSection(SolutionProperties) = preSolution
		HideSolutionNode = FALSE
	EndGlobalSection
	GlobalSection(ExtensibilityGlobals) = postSolution
		SolutionGuid = {D27B3017-C4C0-41C1-8061-D34894FCC91D}
	EndGlobalSection
EndGlobal
